
Microsoft Visual Studio Solution File, Format Version 12.00
# Visual Studio Version 17
VisualStudioVersion = 17.12.35514.174
MinimumVisualStudioVersion = 10.0.40219.1
Project("{9A19103F-16F7-4668-BE54-9A1E7A4F7556}") = "AzureBlobStorage", "AzureBlobStorage\AzureBlobStorage.csproj", "{165F184D-A87C-4029-A2E9-9F424E813BD0}"
EndProject
Project("{2150E333-8FDC-42A3-9474-1A3956D46DE8}") = "Solution Items", "Solution Items", "{C471B41F-BEFE-41C4-AEAA-6B83FBEFF7A0}"
	ProjectSection(SolutionItems) = preProject
		appsettings.json = appsettings.json
	EndProjectSection
EndProject
Global
	GlobalSection(SolutionConfigurationPlatforms) = preSolution
		Debug|Any CPU = Debug|Any CPU
		Release|Any CPU = Release|Any CPU
	EndGlobalSection
	GlobalSection(ProjectConfigurationPlatforms) = postSolution
		{165F184D-A87C-4029-A2E9-9F424E813BD0}.Debug|Any CPU.ActiveCfg = Debug|Any CPU
		{165F184D-A87C-4029-A2E9-9F424E813BD0}.Debug|Any CPU.Build.0 = Debug|Any CPU
		{165F184D-A87C-4029-A2E9-9F424E813BD0}.Release|Any CPU.ActiveCfg = Release|Any CPU
		{165F184D-A87C-4029-A2E9-9F424E813BD0}.Release|Any CPU.Build.0 = Release|Any CPU
	EndGlobalSection
	GlobalSection(SolutionProperties) = preSolution
		HideSolutionNode = FALSE
	EndGlobalSection
	GlobalSection(ExtensibilityGlobals) = postSolution
		SolutionGuid = {2BDC86A0-844C-475C-9BF2-4DEE8F7C58C1}
	EndGlobalSection
EndGlobal
