
Microsoft Visual Studio Solution File, Format Version 12.00
# Visual Studio Version 17
VisualStudioVersion = 17.11.35327.3
MinimumVisualStudioVersion = 10.0.40219.1
Project("{FAE04EC0-301F-11D3-BF4B-00C04F79EFBC}") = "Quizzy-main", "Quizzy-main\Quizzy-main.csproj", "{670EB84C-0132-4C38-8DFE-8FD18AB7A37D}"
EndProject
Global
	GlobalSection(SolutionConfigurationPlatforms) = preSolution
		Debug|Any CPU = Debug|Any CPU
		Release|Any CPU = Release|Any CPU
	EndGlobalSection
	GlobalSection(ProjectConfigurationPlatforms) = postSolution
		{670EB84C-0132-4C38-8DFE-8FD18AB7A37D}.Debug|Any CPU.ActiveCfg = Debug|Any CPU
		{670EB84C-0132-4C38-8DFE-8FD18AB7A37D}.Debug|Any CPU.Build.0 = Debug|Any CPU
		{670EB84C-0132-4C38-8DFE-8FD18AB7A37D}.Release|Any CPU.ActiveCfg = Release|Any CPU
		{670EB84C-0132-4C38-8DFE-8FD18AB7A37D}.Release|Any CPU.Build.0 = Release|Any CPU
	EndGlobalSection
	GlobalSection(SolutionProperties) = preSolution
		HideSolutionNode = FALSE
	EndGlobalSection
	GlobalSection(ExtensibilityGlobals) = postSolution
		SolutionGuid = {D3F291C1-AFF4-4D85-8B9A-4C337630E677}
	EndGlobalSection
EndGlobal
