
Microsoft Visual Studio Solution File, Format Version 12.00
# Visual Studio Version 17
VisualStudioVersion = 17.11.35327.3
MinimumVisualStudioVersion = 10.0.40219.1
<<<<<<< HEAD
Project("{FAE04EC0-301F-11D3-BF4B-00C04F79EFBC}") = "Quizzy", "Quizzy\Quizzy.csproj", "{7528B290-3B1B-4EA9-8D30-A361B81FDA41}"
=======
Project("{FAE04EC0-301F-11D3-BF4B-00C04F79EFBC}") = "Quizzy", "Quizzy\Quizzy.csproj", "{BF96EE75-63A6-4A57-82B1-E2F966A05478}"
>>>>>>> 8422ead8c5426fbebe39218f8061c8c75996fafd
EndProject
Global
	GlobalSection(SolutionConfigurationPlatforms) = preSolution
		Debug|Any CPU = Debug|Any CPU
		Release|Any CPU = Release|Any CPU
	EndGlobalSection
	GlobalSection(ProjectConfigurationPlatforms) = postSolution
<<<<<<< HEAD
		{7528B290-3B1B-4EA9-8D30-A361B81FDA41}.Debug|Any CPU.ActiveCfg = Debug|Any CPU
		{7528B290-3B1B-4EA9-8D30-A361B81FDA41}.Debug|Any CPU.Build.0 = Debug|Any CPU
		{7528B290-3B1B-4EA9-8D30-A361B81FDA41}.Release|Any CPU.ActiveCfg = Release|Any CPU
		{7528B290-3B1B-4EA9-8D30-A361B81FDA41}.Release|Any CPU.Build.0 = Release|Any CPU
=======
		{BF96EE75-63A6-4A57-82B1-E2F966A05478}.Debug|Any CPU.ActiveCfg = Debug|Any CPU
		{BF96EE75-63A6-4A57-82B1-E2F966A05478}.Debug|Any CPU.Build.0 = Debug|Any CPU
		{BF96EE75-63A6-4A57-82B1-E2F966A05478}.Release|Any CPU.ActiveCfg = Release|Any CPU
		{BF96EE75-63A6-4A57-82B1-E2F966A05478}.Release|Any CPU.Build.0 = Release|Any CPU
>>>>>>> 8422ead8c5426fbebe39218f8061c8c75996fafd
	EndGlobalSection
	GlobalSection(SolutionProperties) = preSolution
		HideSolutionNode = FALSE
	EndGlobalSection
	GlobalSection(ExtensibilityGlobals) = postSolution
<<<<<<< HEAD
		SolutionGuid = {4291F0D9-82D7-4438-85BD-1C70C02DF8F4}
=======
		SolutionGuid = {993B185E-64F9-4B4D-9082-EDBB660BC513}
>>>>>>> 8422ead8c5426fbebe39218f8061c8c75996fafd
	EndGlobalSection
EndGlobal
